
Microsoft Visual Studio Solution File, Format Version 12.00
# Visual Studio Version 16
VisualStudioVersion = 16.0.810.20
MinimumVisualStudioVersion = 10.0.40219.1
Project("{FAE04EC0-301F-11D3-BF4B-00C04F79EFBC}") = "zad1", "zad1\zad1.csproj", "{7FFD4764-3C62-42B5-9426-56C54B7E076C}"
EndProject
Global
	GlobalSection(SolutionConfigurationPlatforms) = preSolution
		Debug|Any CPU = Debug|Any CPU
		Release|Any CPU = Release|Any CPU
	EndGlobalSection
	GlobalSection(ProjectConfigurationPlatforms) = postSolution
		{7FFD4764-3C62-42B5-9426-56C54B7E076C}.Debug|Any CPU.ActiveCfg = Debug|Any CPU
		{7FFD4764-3C62-42B5-9426-56C54B7E076C}.Debug|Any CPU.Build.0 = Debug|Any CPU
		{7FFD4764-3C62-42B5-9426-56C54B7E076C}.Release|Any CPU.ActiveCfg = Release|Any CPU
		{7FFD4764-3C62-42B5-9426-56C54B7E076C}.Release|Any CPU.Build.0 = Release|Any CPU
	EndGlobalSection
	GlobalSection(SolutionProperties) = preSolution
		HideSolutionNode = FALSE
	EndGlobalSection
	GlobalSection(ExtensibilityGlobals) = postSolution
		SolutionGuid = {EF125520-7F8D-4856-9CCE-5D083E8B93B1}
	EndGlobalSection
EndGlobal
